// !$*UTF8*$!
{
	archiveVersion = 1;
	classes = {
	};
	objectVersion = 50;
	objects = {

/* Begin PBXBuildFile section */
		1D581C08217BBD3600E2E8B8 /* AppDelegate.swift in Sources */ = {isa = PBXBuildFile; fileRef = 1D581C07217BBD3600E2E8B8 /* AppDelegate.swift */; };
		1D581C0A217BBD3600E2E8B8 /* ViewController.swift in Sources */ = {isa = PBXBuildFile; fileRef = 1D581C09217BBD3600E2E8B8 /* ViewController.swift */; };
		1D581C0D217BBD3600E2E8B8 /* Main.storyboard in Resources */ = {isa = PBXBuildFile; fileRef = 1D581C0B217BBD3600E2E8B8 /* Main.storyboard */; };
		1D581C0F217BBD3700E2E8B8 /* Assets.xcassets in Resources */ = {isa = PBXBuildFile; fileRef = 1D581C0E217BBD3700E2E8B8 /* Assets.xcassets */; };
		1D581C12217BBD3700E2E8B8 /* LaunchScreen.storyboard in Resources */ = {isa = PBXBuildFile; fileRef = 1D581C10217BBD3700E2E8B8 /* LaunchScreen.storyboard */; };
		1D581C1D217BBD3700E2E8B8 /* Music_playerTests.swift in Sources */ = {isa = PBXBuildFile; fileRef = 1D581C1C217BBD3700E2E8B8 /* Music_playerTests.swift */; };
		1D581C28217BBD3700E2E8B8 /* Music_playerUITests.swift in Sources */ = {isa = PBXBuildFile; fileRef = 1D581C27217BBD3700E2E8B8 /* Music_playerUITests.swift */; };
/* End PBXBuildFile section */

/* Begin PBXContainerItemProxy section */
		1D581C19217BBD3700E2E8B8 /* PBXContainerItemProxy */ = {
			isa = PBXContainerItemProxy;
			containerPortal = 1D581BFC217BBD3600E2E8B8 /* Project object */;
			proxyType = 1;
			remoteGlobalIDString = 1D581C03217BBD3600E2E8B8;
			remoteInfo = "Music player";
		};
		1D581C24217BBD3700E2E8B8 /* PBXContainerItemProxy */ = {
			isa = PBXContainerItemProxy;
			containerPortal = 1D581BFC217BBD3600E2E8B8 /* Project object */;
			proxyType = 1;
			remoteGlobalIDString = 1D581C03217BBD3600E2E8B8;
			remoteInfo = "Music player";
		};
/* End PBXContainerItemProxy section */

/* Begin PBXFileReference section */
		1D581C04217BBD3600E2E8B8 /* Music player.app */ = {isa = PBXFileReference; explicitFileType = wrapper.application; includeInIndex = 0; path = "Music player.app"; sourceTree = BUILT_PRODUCTS_DIR; };
		1D581C07217BBD3600E2E8B8 /* AppDelegate.swift */ = {isa = PBXFileReference; lastKnownFileType = sourcecode.swift; path = AppDelegate.swift; sourceTree = "<group>"; };
		1D581C09217BBD3600E2E8B8 /* ViewController.swift */ = {isa = PBXFileReference; lastKnownFileType = sourcecode.swift; path = ViewController.swift; sourceTree = "<group>"; };
		1D581C0C217BBD3600E2E8B8 /* Base */ = {isa = PBXFileReference; lastKnownFileType = file.storyboard; name = Base; path = Base.lproj/Main.storyboard; sourceTree = "<group>"; };
		1D581C0E217BBD3700E2E8B8 /* Assets.xcassets */ = {isa = PBXFileReference; lastKnownFileType = folder.assetcatalog; path = Assets.xcassets; sourceTree = "<group>"; };
		1D581C11217BBD3700E2E8B8 /* Base */ = {isa = PBXFileReference; lastKnownFileType = file.storyboard; name = Base; path = Base.lproj/LaunchScreen.storyboard; sourceTree = "<group>"; };
		1D581C13217BBD3700E2E8B8 /* Info.plist */ = {isa = PBXFileReference; lastKnownFileType = text.plist.xml; path = Info.plist; sourceTree = "<group>"; };
		1D581C18217BBD3700E2E8B8 /* Music playerTests.xctest */ = {isa = PBXFileReference; explicitFileType = wrapper.cfbundle; includeInIndex = 0; path = "Music playerTests.xctest"; sourceTree = BUILT_PRODUCTS_DIR; };
		1D581C1C217BBD3700E2E8B8 /* Music_playerTests.swift */ = {isa = PBXFileReference; lastKnownFileType = sourcecode.swift; path = Music_playerTests.swift; sourceTree = "<group>"; };
		1D581C1E217BBD3700E2E8B8 /* Info.plist */ = {isa = PBXFileReference; lastKnownFileType = text.plist.xml; path = Info.plist; sourceTree = "<group>"; };
		1D581C23217BBD3700E2E8B8 /* Music playerUITests.xctest */ = {isa = PBXFileReference; explicitFileType = wrapper.cfbundle; includeInIndex = 0; path = "Music playerUITests.xctest"; sourceTree = BUILT_PRODUCTS_DIR; };
		1D581C27217BBD3700E2E8B8 /* Music_playerUITests.swift */ = {isa = PBXFileReference; lastKnownFileType = sourcecode.swift; path = Music_playerUITests.swift; sourceTree = "<group>"; };
		1D581C29217BBD3700E2E8B8 /* Info.plist */ = {isa = PBXFileReference; lastKnownFileType = text.plist.xml; path = Info.plist; sourceTree = "<group>"; };
/* End PBXFileReference section */

/* Begin PBXFrameworksBuildPhase section */
		1D581C01217BBD3600E2E8B8 /* Frameworks */ = {
			isa = PBXFrameworksBuildPhase;
			buildActionMask = 2147483647;
			files = (
			);
			runOnlyForDeploymentPostprocessing = 0;
		};
		1D581C15217BBD3700E2E8B8 /* Frameworks */ = {
			isa = PBXFrameworksBuildPhase;
			buildActionMask = 2147483647;
			files = (
			);
			runOnlyForDeploymentPostprocessing = 0;
		};
		1D581C20217BBD3700E2E8B8 /* Frameworks */ = {
			isa = PBXFrameworksBuildPhase;
			buildActionMask = 2147483647;
			files = (
			);
			runOnlyForDeploymentPostprocessing = 0;
		};
/* End PBXFrameworksBuildPhase section */

/* Begin PBXGroup section */
		1D581BFB217BBD3600E2E8B8 = {
			isa = PBXGroup;
			children = (
				1D581C06217BBD3600E2E8B8 /* Music player */,
				1D581C1B217BBD3700E2E8B8 /* Music playerTests */,
				1D581C26217BBD3700E2E8B8 /* Music playerUITests */,
				1D581C05217BBD3600E2E8B8 /* Products */,
			);
			sourceTree = "<group>";
		};
		1D581C05217BBD3600E2E8B8 /* Products */ = {
			isa = PBXGroup;
			children = (
				1D581C04217BBD3600E2E8B8 /* Music player.app */,
				1D581C18217BBD3700E2E8B8 /* Music playerTests.xctest */,
				1D581C23217BBD3700E2E8B8 /* Music playerUITests.xctest */,
			);
			name = Products;
			sourceTree = "<group>";
		};
		1D581C06217BBD3600E2E8B8 /* Music player */ = {
			isa = PBXGroup;
			children = (
				1D581C07217BBD3600E2E8B8 /* AppDelegate.swift */,
				1D581C09217BBD3600E2E8B8 /* ViewController.swift */,
				1D581C0B217BBD3600E2E8B8 /* Main.storyboard */,
				1D581C0E217BBD3700E2E8B8 /* Assets.xcassets */,
				1D581C10217BBD3700E2E8B8 /* LaunchScreen.storyboard */,
				1D581C13217BBD3700E2E8B8 /* Info.plist */,
			);
			path = "Music player";
			sourceTree = "<group>";
		};
		1D581C1B217BBD3700E2E8B8 /* Music playerTests */ = {
			isa = PBXGroup;
			children = (
				1D581C1C217BBD3700E2E8B8 /* Music_playerTests.swift */,
				1D581C1E217BBD3700E2E8B8 /* Info.plist */,
			);
			path = "Music playerTests";
			sourceTree = "<group>";
		};
		1D581C26217BBD3700E2E8B8 /* Music playerUITests */ = {
			isa = PBXGroup;
			children = (
				1D581C27217BBD3700E2E8B8 /* Music_playerUITests.swift */,
				1D581C29217BBD3700E2E8B8 /* Info.plist */,
			);
			path = "Music playerUITests";
			sourceTree = "<group>";
		};
/* End PBXGroup section */

/* Begin PBXNativeTarget section */
		1D581C03217BBD3600E2E8B8 /* Music player */ = {
			isa = PBXNativeTarget;
			buildConfigurationList = 1D581C2C217BBD3700E2E8B8 /* Build configuration list for PBXNativeTarget "Music player" */;
			buildPhases = (
				1D581C00217BBD3600E2E8B8 /* Sources */,
				1D581C01217BBD3600E2E8B8 /* Frameworks */,
				1D581C02217BBD3600E2E8B8 /* Resources */,
			);
			buildRules = (
			);
			dependencies = (
			);
			name = "Music player";
			productName = "Music player";
			productReference = 1D581C04217BBD3600E2E8B8 /* Music player.app */;
			productType = "com.apple.product-type.application";
		};
		1D581C17217BBD3700E2E8B8 /* Music playerTests */ = {
			isa = PBXNativeTarget;
			buildConfigurationList = 1D581C2F217BBD3800E2E8B8 /* Build configuration list for PBXNativeTarget "Music playerTests" */;
			buildPhases = (
				1D581C14217BBD3700E2E8B8 /* Sources */,
				1D581C15217BBD3700E2E8B8 /* Frameworks */,
				1D581C16217BBD3700E2E8B8 /* Resources */,
			);
			buildRules = (
			);
			dependencies = (
				1D581C1A217BBD3700E2E8B8 /* PBXTargetDependency */,
			);
			name = "Music playerTests";
			productName = "Music playerTests";
			productReference = 1D581C18217BBD3700E2E8B8 /* Music playerTests.xctest */;
			productType = "com.apple.product-type.bundle.unit-test";
		};
		1D581C22217BBD3700E2E8B8 /* Music playerUITests */ = {
			isa = PBXNativeTarget;
			buildConfigurationList = 1D581C32217BBD3800E2E8B8 /* Build configuration list for PBXNativeTarget "Music playerUITests" */;
			buildPhases = (
				1D581C1F217BBD3700E2E8B8 /* Sources */,
				1D581C20217BBD3700E2E8B8 /* Frameworks */,
				1D581C21217BBD3700E2E8B8 /* Resources */,
			);
			buildRules = (
			);
			dependencies = (
				1D581C25217BBD3700E2E8B8 /* PBXTargetDependency */,
			);
			name = "Music playerUITests";
			productName = "Music playerUITests";
			productReference = 1D581C23217BBD3700E2E8B8 /* Music playerUITests.xctest */;
			productType = "com.apple.product-type.bundle.ui-testing";
		};
/* End PBXNativeTarget section */

/* Begin PBXProject section */
		1D581BFC217BBD3600E2E8B8 /* Project object */ = {
			isa = PBXProject;
			attributes = {
				LastSwiftUpdateCheck = 0940;
				LastUpgradeCheck = 0940;
				ORGANIZATIONNAME = "Vlad Alexandru Mihai";
				TargetAttributes = {
					1D581C03217BBD3600E2E8B8 = {
						CreatedOnToolsVersion = 9.4.1;
					};
					1D581C17217BBD3700E2E8B8 = {
						CreatedOnToolsVersion = 9.4.1;
						TestTargetID = 1D581C03217BBD3600E2E8B8;
					};
					1D581C22217BBD3700E2E8B8 = {
						CreatedOnToolsVersion = 9.4.1;
						TestTargetID = 1D581C03217BBD3600E2E8B8;
					};
				};
			};
			buildConfigurationList = 1D581BFF217BBD3600E2E8B8 /* Build configuration list for PBXProject "Music player" */;
			compatibilityVersion = "Xcode 9.3";
			developmentRegion = en;
			hasScannedForEncodings = 0;
			knownRegions = (
				en,
				Base,
			);
			mainGroup = 1D581BFB217BBD3600E2E8B8;
			productRefGroup = 1D581C05217BBD3600E2E8B8 /* Products */;
			projectDirPath = "";
			projectRoot = "";
			targets = (
				1D581C03217BBD3600E2E8B8 /* Music player */,
				1D581C17217BBD3700E2E8B8 /* Music playerTests */,
				1D581C22217BBD3700E2E8B8 /* Music playerUITests */,
			);
		};
/* End PBXProject section */

/* Begin PBXResourcesBuildPhase section */
		1D581C02217BBD3600E2E8B8 /* Resources */ = {
			isa = PBXResourcesBuildPhase;
			buildActionMask = 2147483647;
			files = (
				1D581C12217BBD3700E2E8B8 /* LaunchScreen.storyboard in Resources */,
				1D581C0F217BBD3700E2E8B8 /* Assets.xcassets in Resources */,
				1D581C0D217BBD3600E2E8B8 /* Main.storyboard in Resources */,
			);
			runOnlyForDeploymentPostprocessing = 0;
		};
		1D581C16217BBD3700E2E8B8 /* Resources */ = {
			isa = PBXResourcesBuildPhase;
			buildActionMask = 2147483647;
			files = (
			);
			runOnlyForDeploymentPostprocessing = 0;
		};
		1D581C21217BBD3700E2E8B8 /* Resources */ = {
			isa = PBXResourcesBuildPhase;
			buildActionMask = 2147483647;
			files = (
			);
			runOnlyForDeploymentPostprocessing = 0;
		};
/* End PBXResourcesBuildPhase section */

/* Begin PBXSourcesBuildPhase section */
		1D581C00217BBD3600E2E8B8 /* Sources */ = {
			isa = PBXSourcesBuildPhase;
			buildActionMask = 2147483647;
			files = (
				1D581C0A217BBD3600E2E8B8 /* ViewController.swift in Sources */,
				1D581C08217BBD3600E2E8B8 /* AppDelegate.swift in Sources */,
			);
			runOnlyForDeploymentPostprocessing = 0;
		};
		1D581C14217BBD3700E2E8B8 /* Sources */ = {
			isa = PBXSourcesBuildPhase;
			buildActionMask = 2147483647;
			files = (
				1D581C1D217BBD3700E2E8B8 /* Music_playerTests.swift in Sources */,
			);
			runOnlyForDeploymentPostprocessing = 0;
		};
		1D581C1F217BBD3700E2E8B8 /* Sources */ = {
			isa = PBXSourcesBuildPhase;
			buildActionMask = 2147483647;
			files = (
				1D581C28217BBD3700E2E8B8 /* Music_playerUITests.swift in Sources */,
			);
			runOnlyForDeploymentPostprocessing = 0;
		};
/* End PBXSourcesBuildPhase section */

/* Begin PBXTargetDependency section */
		1D581C1A217BBD3700E2E8B8 /* PBXTargetDependency */ = {
			isa = PBXTargetDependency;
			target = 1D581C03217BBD3600E2E8B8 /* Music player */;
			targetProxy = 1D581C19217BBD3700E2E8B8 /* PBXContainerItemProxy */;
		};
		1D581C25217BBD3700E2E8B8 /* PBXTargetDependency */ = {
			isa = PBXTargetDependency;
			target = 1D581C03217BBD3600E2E8B8 /* Music player */;
			targetProxy = 1D581C24217BBD3700E2E8B8 /* PBXContainerItemProxy */;
		};
/* End PBXTargetDependency section */

/* Begin PBXVariantGroup section */
		1D581C0B217BBD3600E2E8B8 /* Main.storyboard */ = {
			isa = PBXVariantGroup;
			children = (
				1D581C0C217BBD3600E2E8B8 /* Base */,
			);
			name = Main.storyboard;
			sourceTree = "<group>";
		};
		1D581C10217BBD3700E2E8B8 /* LaunchScreen.storyboard */ = {
			isa = PBXVariantGroup;
			children = (
				1D581C11217BBD3700E2E8B8 /* Base */,
			);
			name = LaunchScreen.storyboard;
			sourceTree = "<group>";
		};
/* End PBXVariantGroup section */

/* Begin XCBuildConfiguration section */
		1D581C2A217BBD3700E2E8B8 /* Debug */ = {
			isa = XCBuildConfiguration;
			buildSettings = {
				ALWAYS_SEARCH_USER_PATHS = NO;
				CLANG_ANALYZER_NONNULL = YES;
				CLANG_ANALYZER_NUMBER_OBJECT_CONVERSION = YES_AGGRESSIVE;
				CLANG_CXX_LANGUAGE_STANDARD = "gnu++14";
				CLANG_CXX_LIBRARY = "libc++";
				CLANG_ENABLE_MODULES = YES;
				CLANG_ENABLE_OBJC_ARC = YES;
				CLANG_ENABLE_OBJC_WEAK = YES;
				CLANG_WARN_BLOCK_CAPTURE_AUTORELEASING = YES;
				CLANG_WARN_BOOL_CONVERSION = YES;
				CLANG_WARN_COMMA = YES;
				CLANG_WARN_CONSTANT_CONVERSION = YES;
				CLANG_WARN_DEPRECATED_OBJC_IMPLEMENTATIONS = YES;
				CLANG_WARN_DIRECT_OBJC_ISA_USAGE = YES_ERROR;
				CLANG_WARN_DOCUMENTATION_COMMENTS = YES;
				CLANG_WARN_EMPTY_BODY = YES;
				CLANG_WARN_ENUM_CONVERSION = YES;
				CLANG_WARN_INFINITE_RECURSION = YES;
				CLANG_WARN_INT_CONVERSION = YES;
				CLANG_WARN_NON_LITERAL_NULL_CONVERSION = YES;
				CLANG_WARN_OBJC_IMPLICIT_RETAIN_SELF = YES;
				CLANG_WARN_OBJC_LITERAL_CONVERSION = YES;
				CLANG_WARN_OBJC_ROOT_CLASS = YES_ERROR;
				CLANG_WARN_RANGE_LOOP_ANALYSIS = YES;
				CLANG_WARN_STRICT_PROTOTYPES = YES;
				CLANG_WARN_SUSPICIOUS_MOVE = YES;
				CLANG_WARN_UNGUARDED_AVAILABILITY = YES_AGGRESSIVE;
				CLANG_WARN_UNREACHABLE_CODE = YES;
				CLANG_WARN__DUPLICATE_METHOD_MATCH = YES;
				CODE_SIGN_IDENTITY = "iPhone Developer";
				COPY_PHASE_STRIP = NO;
				DEBUG_INFORMATION_FORMAT = dwarf;
				ENABLE_STRICT_OBJC_MSGSEND = YES;
				ENABLE_TESTABILITY = YES;
				GCC_C_LANGUAGE_STANDARD = gnu11;
				GCC_DYNAMIC_NO_PIC = NO;
				GCC_NO_COMMON_BLOCKS = YES;
				GCC_OPTIMIZATION_LEVEL = 0;
				GCC_PREPROCESSOR_DEFINITIONS = (
					"DEBUG=1",
					"$(inherited)",
				);
				GCC_WARN_64_TO_32_BIT_CONVERSION = YES;
				GCC_WARN_ABOUT_RETURN_TYPE = YES_ERROR;
				GCC_WARN_UNDECLARED_SELECTOR = YES;
				GCC_WARN_UNINITIALIZED_AUTOS = YES_AGGRESSIVE;
				GCC_WARN_UNUSED_FUNCTION = YES;
				GCC_WARN_UNUSED_VARIABLE = YES;
				IPHONEOS_DEPLOYMENT_TARGET = 11.4;
				MTL_ENABLE_DEBUG_INFO = YES;
				ONLY_ACTIVE_ARCH = YES;
				SDKROOT = iphoneos;
				SWIFT_ACTIVE_COMPILATION_CONDITIONS = DEBUG;
				SWIFT_OPTIMIZATION_LEVEL = "-Onone";
			};
			name = Debug;
		};
		1D581C2B217BBD3700E2E8B8 /* Release */ = {
			isa = XCBuildConfiguration;
			buildSettings = {
				ALWAYS_SEARCH_USER_PATHS = NO;
				CLANG_ANALYZER_NONNULL = YES;
				CLANG_ANALYZER_NUMBER_OBJECT_CONVERSION = YES_AGGRESSIVE;
				CLANG_CXX_LANGUAGE_STANDARD = "gnu++14";
				CLANG_CXX_LIBRARY = "libc++";
				CLANG_ENABLE_MODULES = YES;
				CLANG_ENABLE_OBJC_ARC = YES;
				CLANG_ENABLE_OBJC_WEAK = YES;
				CLANG_WARN_BLOCK_CAPTURE_AUTORELEASING = YES;
				CLANG_WARN_BOOL_CONVERSION = YES;
				CLANG_WARN_COMMA = YES;
				CLANG_WARN_CONSTANT_CONVERSION = YES;
				CLANG_WARN_DEPRECATED_OBJC_IMPLEMENTATIONS = YES;
				CLANG_WARN_DIRECT_OBJC_ISA_USAGE = YES_ERROR;
				CLANG_WARN_DOCUMENTATION_COMMENTS = YES;
				CLANG_WARN_EMPTY_BODY = YES;
				CLANG_WARN_ENUM_CONVERSION = YES;
				CLANG_WARN_INFINITE_RECURSION = YES;
				CLANG_WARN_INT_CONVERSION = YES;
				CLANG_WARN_NON_LITERAL_NULL_CONVERSION = YES;
				CLANG_WARN_OBJC_IMPLICIT_RETAIN_SELF = YES;
				CLANG_WARN_OBJC_LITERAL_CONVERSION = YES;
				CLANG_WARN_OBJC_ROOT_CLASS = YES_ERROR;
				CLANG_WARN_RANGE_LOOP_ANALYSIS = YES;
				CLANG_WARN_STRICT_PROTOTYPES = YES;
				CLANG_WARN_SUSPICIOUS_MOVE = YES;
				CLANG_WARN_UNGUARDED_AVAILABILITY = YES_AGGRESSIVE;
				CLANG_WARN_UNREACHABLE_CODE = YES;
				CLANG_WARN__DUPLICATE_METHOD_MATCH = YES;
				CODE_SIGN_IDENTITY = "iPhone Developer";
				COPY_PHASE_STRIP = NO;
				DEBUG_INFORMATION_FORMAT = "dwarf-with-dsym";
				ENABLE_NS_ASSERTIONS = NO;
				ENABLE_STRICT_OBJC_MSGSEND = YES;
				GCC_C_LANGUAGE_STANDARD = gnu11;
				GCC_NO_COMMON_BLOCKS = YES;
				GCC_WARN_64_TO_32_BIT_CONVERSION = YES;
				GCC_WARN_ABOUT_RETURN_TYPE = YES_ERROR;
				GCC_WARN_UNDECLARED_SELECTOR = YES;
				GCC_WARN_UNINITIALIZED_AUTOS = YES_AGGRESSIVE;
				GCC_WARN_UNUSED_FUNCTION = YES;
				GCC_WARN_UNUSED_VARIABLE = YES;
				IPHONEOS_DEPLOYMENT_TARGET = 11.4;
				MTL_ENABLE_DEBUG_INFO = NO;
				SDKROOT = iphoneos;
				SWIFT_COMPILATION_MODE = wholemodule;
				SWIFT_OPTIMIZATION_LEVEL = "-O";
				VALIDATE_PRODUCT = YES;
			};
			name = Release;
		};
		1D581C2D217BBD3700E2E8B8 /* Debug */ = {
			isa = XCBuildConfiguration;
			buildSettings = {
				ASSETCATALOG_COMPILER_APPICON_NAME = AppIcon;
				CODE_SIGN_STYLE = Automatic;
				INFOPLIST_FILE = "Music player/Info.plist";
				LD_RUNPATH_SEARCH_PATHS = (
					"$(inherited)",
					"@executable_path/Frameworks",
				);
				PRODUCT_BUNDLE_IDENTIFIER = "Os.Music-player";
				PRODUCT_NAME = "$(TARGET_NAME)";
				SWIFT_VERSION = 4.0;
				TARGETED_DEVICE_FAMILY = "1,2";
			};
			name = Debug;
		};
		1D581C2E217BBD3700E2E8B8 /* Release */ = {
			isa = XCBuildConfiguration;
			buildSettings = {
				ASSETCATALOG_COMPILER_APPICON_NAME = AppIcon;
				CODE_SIGN_STYLE = Automatic;
				INFOPLIST_FILE = "Music player/Info.plist";
				LD_RUNPATH_SEARCH_PATHS = (
					"$(inherited)",
					"@executable_path/Frameworks",
				);
				PRODUCT_BUNDLE_IDENTIFIER = "Os.Music-player";
				PRODUCT_NAME = "$(TARGET_NAME)";
				SWIFT_VERSION = 4.0;
				TARGETED_DEVICE_FAMILY = "1,2";
			};
			name = Release;
		};
		1D581C30217BBD3800E2E8B8 /* Debug */ = {
			isa = XCBuildConfiguration;
			buildSettings = {
				ALWAYS_EMBED_SWIFT_STANDARD_LIBRARIES = YES;
				BUNDLE_LOADER = "$(TEST_HOST)";
				CODE_SIGN_STYLE = Automatic;
				INFOPLIST_FILE = "Music playerTests/Info.plist";
				LD_RUNPATH_SEARCH_PATHS = (
					"$(inherited)",
					"@executable_path/Frameworks",
					"@loader_path/Frameworks",
				);
				PRODUCT_BUNDLE_IDENTIFIER = "Os.Music-playerTests";
				PRODUCT_NAME = "$(TARGET_NAME)";
				SWIFT_VERSION = 4.0;
				TARGETED_DEVICE_FAMILY = "1,2";
				TEST_HOST = "$(BUILT_PRODUCTS_DIR)/Music player.app/Music player";
			};
			name = Debug;
		};
		1D581C31217BBD3800E2E8B8 /* Release */ = {
			isa = XCBuildConfiguration;
			buildSettings = {
				ALWAYS_EMBED_SWIFT_STANDARD_LIBRARIES = YES;
				BUNDLE_LOADER = "$(TEST_HOST)";
				CODE_SIGN_STYLE = Automatic;
				INFOPLIST_FILE = "Music playerTests/Info.plist";
				LD_RUNPATH_SEARCH_PATHS = (
					"$(inherited)",
					"@executable_path/Frameworks",
					"@loader_path/Frameworks",
				);
				PRODUCT_BUNDLE_IDENTIFIER = "Os.Music-playerTests";
				PRODUCT_NAME = "$(TARGET_NAME)";
				SWIFT_VERSION = 4.0;
				TARGETED_DEVICE_FAMILY = "1,2";
				TEST_HOST = "$(BUILT_PRODUCTS_DIR)/Music player.app/Music player";
			};
			name = Release;
		};
		1D581C33217BBD3800E2E8B8 /* Debug */ = {
			isa = XCBuildConfiguration;
			buildSettings = {
				ALWAYS_EMBED_SWIFT_STANDARD_LIBRARIES = YES;
				CODE_SIGN_STYLE = Automatic;
				INFOPLIST_FILE = "Music playerUITests/Info.plist";
				LD_RUNPATH_SEARCH_PATHS = (
					"$(inherited)",
					"@executable_path/Frameworks",
					"@loader_path/Frameworks",
				);
				PRODUCT_BUNDLE_IDENTIFIER = "Os.Music-playerUITests";
				PRODUCT_NAME = "$(TARGET_NAME)";
				SWIFT_VERSION = 4.0;
				TARGETED_DEVICE_FAMILY = "1,2";
				TEST_TARGET_NAME = "Music player";
			};
			name = Debug;
		};
		1D581C34217BBD3800E2E8B8 /* Release */ = {
			isa = XCBuildConfiguration;
			buildSettings = {
				ALWAYS_EMBED_SWIFT_STANDARD_LIBRARIES = YES;
				CODE_SIGN_STYLE = Automatic;
				INFOPLIST_FILE = "Music playerUITests/Info.plist";
				LD_RUNPATH_SEARCH_PATHS = (
					"$(inherited)",
					"@executable_path/Frameworks",
					"@loader_path/Frameworks",
				);
				PRODUCT_BUNDLE_IDENTIFIER = "Os.Music-playerUITests";
				PRODUCT_NAME = "$(TARGET_NAME)";
				SWIFT_VERSION = 4.0;
				TARGETED_DEVICE_FAMILY = "1,2";
				TEST_TARGET_NAME = "Music player";
			};
			name = Release;
		};
/* End XCBuildConfiguration section */

/* Begin XCConfigurationList section */
		1D581BFF217BBD3600E2E8B8 /* Build configuration list for PBXProject "Music player" */ = {
			isa = XCConfigurationList;
			buildConfigurations = (
				1D581C2A217BBD3700E2E8B8 /* Debug */,
				1D581C2B217BBD3700E2E8B8 /* Release */,
			);
			defaultConfigurationIsVisible = 0;
			defaultConfigurationName = Release;
		};
		1D581C2C217BBD3700E2E8B8 /* Build configuration list for PBXNativeTarget "Music player" */ = {
			isa = XCConfigurationList;
			buildConfigurations = (
				1D581C2D217BBD3700E2E8B8 /* Debug */,
				1D581C2E217BBD3700E2E8B8 /* Release */,
			);
			defaultConfigurationIsVisible = 0;
			defaultConfigurationName = Release;
		};
		1D581C2F217BBD3800E2E8B8 /* Build configuration list for PBXNativeTarget "Music playerTests" */ = {
			isa = XCConfigurationList;
			buildConfigurations = (
				1D581C30217BBD3800E2E8B8 /* Debug */,
				1D581C31217BBD3800E2E8B8 /* Release */,
			);
			defaultConfigurationIsVisible = 0;
			defaultConfigurationName = Release;
		};
		1D581C32217BBD3800E2E8B8 /* Build configuration list for PBXNativeTarget "Music playerUITests" */ = {
			isa = XCConfigurationList;
			buildConfigurations = (
				1D581C33217BBD3800E2E8B8 /* Debug */,
				1D581C34217BBD3800E2E8B8 /* Release */,
			);
			defaultConfigurationIsVisible = 0;
			defaultConfigurationName = Release;
		};
/* End XCConfigurationList section */
	};
	rootObject = 1D581BFC217BBD3600E2E8B8 /* Project object */;
}
